
Microsoft Visual Studio Solution File, Format Version 12.00
# Visual Studio Version 16
VisualStudioVersion = 16.0.30517.126
MinimumVisualStudioVersion = 10.0.40219.1
Project("{2150E333-8FDC-42A3-9474-1A3956D46DE8}") = "Domain", "Domain", "{EB8CE96B-15FE-4299-91C5-4FF0E8FCCE0A}"
EndProject
Project("{2150E333-8FDC-42A3-9474-1A3956D46DE8}") = "Platform", "Platform", "{EBB13C36-E527-4050-8681-17B22A57402F}"
EndProject
Project("{2150E333-8FDC-42A3-9474-1A3956D46DE8}") = "Model", "Model", "{FAFFC467-0405-459C-B14F-F14F5A81B1E6}"
EndProject
Project("{2150E333-8FDC-42A3-9474-1A3956D46DE8}") = "Tests", "Tests", "{1C479FF5-2B19-4F1B-96D9-0D9954FB9517}"
EndProject
Project("{2150E333-8FDC-42A3-9474-1A3956D46DE8}") = "Solution Items", "Solution Items", "{3B43BED2-29A4-4392-9684-BE0E850AD58D}"
	ProjectSection(SolutionItems) = preProject
		.editorconfig = .editorconfig
		StyleCop\FxCop.ruleset = StyleCop\FxCop.ruleset
	EndProjectSection
EndProject
Project("{2150E333-8FDC-42A3-9474-1A3956D46DE8}") = "StyleCop", "StyleCop", "{DAA7907C-597D-495D-B2B2-6A9ED68516E7}"
	ProjectSection(SolutionItems) = preProject
		StyleCop\GlobalSuppressions.cs = StyleCop\GlobalSuppressions.cs
		StyleCop\stylecop.json = StyleCop\stylecop.json
	EndProjectSection
EndProject
Project("{9A19103F-16F7-4668-BE54-9A1E7A4F7556}") = "Kpi.YourDomain.ClientTests.Domain", "Domain\Kpi.YourDomain.ClientTests.Domain\Kpi.YourDomain.ClientTests.Domain.csproj", "{DCAC17C8-787C-4159-8634-FF7995439630}"
EndProject
Project("{9A19103F-16F7-4668-BE54-9A1E7A4F7556}") = "Kpi.YourDomain.ClientTests.Model.Domain", "Model\Kpi.YourDomain.ClientTests.Model.Domain\Kpi.YourDomain.ClientTests.Model.Domain.csproj", "{6A7DF8AC-7E1A-4AC9-8451-D1ED0A86624C}"
EndProject
Project("{9A19103F-16F7-4668-BE54-9A1E7A4F7556}") = "Kpi.YourDomain.ClientTests.Model.Platform", "Model\Kpi.YourDomain.ClientTests.Model.Platform\Kpi.YourDomain.ClientTests.Model.Platform.csproj", "{0B7FBC26-D2A9-47F5-9649-E4576F5F025D}"
EndProject
Project("{9A19103F-16F7-4668-BE54-9A1E7A4F7556}") = "Kpi.YourDomain.ClientTests.Platform", "Platform\Kpi.YourDomain.ClientTests.Platform\Kpi.YourDomain.ClientTests.Platform.csproj", "{A543B4B2-0A1F-4B9E-9C92-3791BA62267F}"
EndProject
Project("{9A19103F-16F7-4668-BE54-9A1E7A4F7556}") = "Kpi.YourDomain.ClientTests.Bootstrap", "Tests\Kpi.YourDomain.ClientTests.Bootstrap\Kpi.YourDomain.ClientTests.Bootstrap.csproj", "{3538751C-60A4-4E8B-AC12-3476253BAC80}"
EndProject
Project("{9A19103F-16F7-4668-BE54-9A1E7A4F7556}") = "Kpi.YourDomain.ClientTests.Services", "Tests\Kpi.YourDomain.ClientTests.Services\Kpi.YourDomain.ClientTests.Services.csproj", "{484118E2-98CC-4B2D-9426-A6AF9A20737C}"
EndProject
Project("{9A19103F-16F7-4668-BE54-9A1E7A4F7556}") = "Kpi.YourDomain.ClientTests.Tests", "Tests\Kpi.YourDomain.ClientTests.Tests\Kpi.YourDomain.ClientTests.Tests.csproj", "{E4BB204F-4CF4-469D-B84C-74009ED501CA}"
EndProject
Project("{9A19103F-16F7-4668-BE54-9A1E7A4F7556}") = "Kpi.YourDomain.ClientTests.TestsData", "Tests\Kpi.YourDomain.ClientTests.TestsData\Kpi.YourDomain.ClientTests.TestsData.csproj", "{72E3AA91-4625-4E86-9E80-F14BA6917181}"
EndProject
Project("{9A19103F-16F7-4668-BE54-9A1E7A4F7556}") = "Kpi.YourDomain.ClientTests.UI", "Tests\Kpi.YourDomain.ClientTests.UI\Kpi.YourDomain.ClientTests.UI.csproj", "{5FAC66A7-8F11-4259-A269-CE2F23766191}"
EndProject
Global
	GlobalSection(SolutionConfigurationPlatforms) = preSolution
		Debug|Any CPU = Debug|Any CPU
		Release|Any CPU = Release|Any CPU
	EndGlobalSection
	GlobalSection(ProjectConfigurationPlatforms) = postSolution
		{DCAC17C8-787C-4159-8634-FF7995439630}.Debug|Any CPU.ActiveCfg = Debug|Any CPU
		{DCAC17C8-787C-4159-8634-FF7995439630}.Debug|Any CPU.Build.0 = Debug|Any CPU
		{DCAC17C8-787C-4159-8634-FF7995439630}.Release|Any CPU.ActiveCfg = Release|Any CPU
		{DCAC17C8-787C-4159-8634-FF7995439630}.Release|Any CPU.Build.0 = Release|Any CPU
		{6A7DF8AC-7E1A-4AC9-8451-D1ED0A86624C}.Debug|Any CPU.ActiveCfg = Debug|Any CPU
		{6A7DF8AC-7E1A-4AC9-8451-D1ED0A86624C}.Debug|Any CPU.Build.0 = Debug|Any CPU
		{6A7DF8AC-7E1A-4AC9-8451-D1ED0A86624C}.Release|Any CPU.ActiveCfg = Release|Any CPU
		{6A7DF8AC-7E1A-4AC9-8451-D1ED0A86624C}.Release|Any CPU.Build.0 = Release|Any CPU
		{0B7FBC26-D2A9-47F5-9649-E4576F5F025D}.Debug|Any CPU.ActiveCfg = Debug|Any CPU
		{0B7FBC26-D2A9-47F5-9649-E4576F5F025D}.Debug|Any CPU.Build.0 = Debug|Any CPU
		{0B7FBC26-D2A9-47F5-9649-E4576F5F025D}.Release|Any CPU.ActiveCfg = Release|Any CPU
		{0B7FBC26-D2A9-47F5-9649-E4576F5F025D}.Release|Any CPU.Build.0 = Release|Any CPU
		{A543B4B2-0A1F-4B9E-9C92-3791BA62267F}.Debug|Any CPU.ActiveCfg = Debug|Any CPU
		{A543B4B2-0A1F-4B9E-9C92-3791BA62267F}.Debug|Any CPU.Build.0 = Debug|Any CPU
		{A543B4B2-0A1F-4B9E-9C92-3791BA62267F}.Release|Any CPU.ActiveCfg = Release|Any CPU
		{A543B4B2-0A1F-4B9E-9C92-3791BA62267F}.Release|Any CPU.Build.0 = Release|Any CPU
		{3538751C-60A4-4E8B-AC12-3476253BAC80}.Debug|Any CPU.ActiveCfg = Debug|Any CPU
		{3538751C-60A4-4E8B-AC12-3476253BAC80}.Debug|Any CPU.Build.0 = Debug|Any CPU
		{3538751C-60A4-4E8B-AC12-3476253BAC80}.Release|Any CPU.ActiveCfg = Release|Any CPU
		{3538751C-60A4-4E8B-AC12-3476253BAC80}.Release|Any CPU.Build.0 = Release|Any CPU
		{484118E2-98CC-4B2D-9426-A6AF9A20737C}.Debug|Any CPU.ActiveCfg = Debug|Any CPU
		{484118E2-98CC-4B2D-9426-A6AF9A20737C}.Debug|Any CPU.Build.0 = Debug|Any CPU
		{484118E2-98CC-4B2D-9426-A6AF9A20737C}.Release|Any CPU.ActiveCfg = Release|Any CPU
		{484118E2-98CC-4B2D-9426-A6AF9A20737C}.Release|Any CPU.Build.0 = Release|Any CPU
		{E4BB204F-4CF4-469D-B84C-74009ED501CA}.Debug|Any CPU.ActiveCfg = Debug|Any CPU
		{E4BB204F-4CF4-469D-B84C-74009ED501CA}.Debug|Any CPU.Build.0 = Debug|Any CPU
		{E4BB204F-4CF4-469D-B84C-74009ED501CA}.Release|Any CPU.ActiveCfg = Release|Any CPU
		{E4BB204F-4CF4-469D-B84C-74009ED501CA}.Release|Any CPU.Build.0 = Release|Any CPU
		{72E3AA91-4625-4E86-9E80-F14BA6917181}.Debug|Any CPU.ActiveCfg = Debug|Any CPU
		{72E3AA91-4625-4E86-9E80-F14BA6917181}.Debug|Any CPU.Build.0 = Debug|Any CPU
		{72E3AA91-4625-4E86-9E80-F14BA6917181}.Release|Any CPU.ActiveCfg = Release|Any CPU
		{72E3AA91-4625-4E86-9E80-F14BA6917181}.Release|Any CPU.Build.0 = Release|Any CPU
		{5FAC66A7-8F11-4259-A269-CE2F23766191}.Debug|Any CPU.ActiveCfg = Debug|Any CPU
		{5FAC66A7-8F11-4259-A269-CE2F23766191}.Debug|Any CPU.Build.0 = Debug|Any CPU
		{5FAC66A7-8F11-4259-A269-CE2F23766191}.Release|Any CPU.ActiveCfg = Release|Any CPU
		{5FAC66A7-8F11-4259-A269-CE2F23766191}.Release|Any CPU.Build.0 = Release|Any CPU
	EndGlobalSection
	GlobalSection(SolutionProperties) = preSolution
		HideSolutionNode = FALSE
	EndGlobalSection
	GlobalSection(NestedProjects) = preSolution
		{DCAC17C8-787C-4159-8634-FF7995439630} = {EB8CE96B-15FE-4299-91C5-4FF0E8FCCE0A}
		{6A7DF8AC-7E1A-4AC9-8451-D1ED0A86624C} = {FAFFC467-0405-459C-B14F-F14F5A81B1E6}
		{0B7FBC26-D2A9-47F5-9649-E4576F5F025D} = {FAFFC467-0405-459C-B14F-F14F5A81B1E6}
		{A543B4B2-0A1F-4B9E-9C92-3791BA62267F} = {EBB13C36-E527-4050-8681-17B22A57402F}
		{3538751C-60A4-4E8B-AC12-3476253BAC80} = {1C479FF5-2B19-4F1B-96D9-0D9954FB9517}
		{484118E2-98CC-4B2D-9426-A6AF9A20737C} = {1C479FF5-2B19-4F1B-96D9-0D9954FB9517}
		{E4BB204F-4CF4-469D-B84C-74009ED501CA} = {1C479FF5-2B19-4F1B-96D9-0D9954FB9517}
		{72E3AA91-4625-4E86-9E80-F14BA6917181} = {1C479FF5-2B19-4F1B-96D9-0D9954FB9517}
		{5FAC66A7-8F11-4259-A269-CE2F23766191} = {1C479FF5-2B19-4F1B-96D9-0D9954FB9517}
	EndGlobalSection
	GlobalSection(ExtensibilityGlobals) = postSolution
		SolutionGuid = {C0B052B4-533B-4F86-91FC-64A57FFEAE03}
	EndGlobalSection
EndGlobal
